
Microsoft Visual Studio Solution File, Format Version 12.00
# Visual Studio Version 16
VisualStudioVersion = 16.0.32413.511
MinimumVisualStudioVersion = 10.0.40219.1
Project("{FAE04EC0-301F-11D3-BF4B-00C04F79EFBC}") = "Confight", "Confight.csproj", "{AEBDCECC-BE88-441A-AC05-0E7120EA4A6F}"
EndProject
Global
	GlobalSection(SolutionConfigurationPlatforms) = preSolution
		Debug|Any CPU = Debug|Any CPU
		Release|Any CPU = Release|Any CPU
	EndGlobalSection
	GlobalSection(ProjectConfigurationPlatforms) = postSolution
		{AEBDCECC-BE88-441A-AC05-0E7120EA4A6F}.Debug|Any CPU.ActiveCfg = Debug|Any CPU
		{AEBDCECC-BE88-441A-AC05-0E7120EA4A6F}.Debug|Any CPU.Build.0 = Debug|Any CPU
		{AEBDCECC-BE88-441A-AC05-0E7120EA4A6F}.Release|Any CPU.ActiveCfg = Release|Any CPU
		{AEBDCECC-BE88-441A-AC05-0E7120EA4A6F}.Release|Any CPU.Build.0 = Release|Any CPU
	EndGlobalSection
	GlobalSection(SolutionProperties) = preSolution
		HideSolutionNode = FALSE
	EndGlobalSection
	GlobalSection(ExtensibilityGlobals) = postSolution
		SolutionGuid = {6DFA4E74-DBB9-4F9B-A9BF-BFC74B764FDA}
	EndGlobalSection
EndGlobal
